
Microsoft Visual Studio Solution File, Format Version 12.00
# Visual Studio Version 16
VisualStudioVersion = 25.0.1705.6
MinimumVisualStudioVersion = 10.0.40219.1
Project("{FAE04EC0-301F-11D3-BF4B-00C04F79EFBC}") = "HLHJZJ_ADT_2023241.Client", "HLHJZJ_ADT_2023241.Client\HLHJZJ_ADT_2023241.Client.csproj", "{6CFECA31-3C26-4ABE-AE8D-D09C33DF4216}"
EndProject
Project("{FAE04EC0-301F-11D3-BF4B-00C04F79EFBC}") = "HLHJZJ_ADT_2023241.Models", "HLHJZJ_ADT_2023241.Models\HLHJZJ_ADT_2023241.Models.csproj", "{21C4B397-3D04-41F4-822E-37BDD5DC292D}"
EndProject
Project("{FAE04EC0-301F-11D3-BF4B-00C04F79EFBC}") = "HLHJZJ_ADT_2023241.Logic", "HLHJZJ_ADT_2023241.Logic\HLHJZJ_ADT_2023241.Logic.csproj", "{E5DD3CE1-93CE-4936-AFA2-CB3BF78DD0CB}"
EndProject
Project("{FAE04EC0-301F-11D3-BF4B-00C04F79EFBC}") = "HLHJZJ_ADT_2023241.Repository", "HLHJZJ_ADT_2023241.Repository\HLHJZJ_ADT_2023241.Repository.csproj", "{CDB2047A-07CD-49CE-A248-C2DD9C5F43E0}"
EndProject
Project("{FAE04EC0-301F-11D3-BF4B-00C04F79EFBC}") = "HLHJZJ_ADT_2023241.Test", "HLHJZJ_ADT_2023241.Test\HLHJZJ_ADT_2023241.Test.csproj", "{3B419482-B6CE-46D6-8DCF-D8C10E2B77F4}"
EndProject
Project("{2150E333-8FDC-42A3-9474-1A3956D46DE8}") = "Backend", "Backend", "{49CFBD13-A82A-4F45-9887-9DF9FFEB923D}"
EndProject
Project("{2150E333-8FDC-42A3-9474-1A3956D46DE8}") = "Frontend", "Frontend", "{4FF99F50-DF24-421A-90BA-AF5A190568F5}"
EndProject
Project("{2150E333-8FDC-42A3-9474-1A3956D46DE8}") = "Shared", "Shared", "{1C8A390B-5E15-4F23-9BB1-325AA1B86042}"
EndProject
Global
	GlobalSection(SolutionConfigurationPlatforms) = preSolution
		Debug|Any CPU = Debug|Any CPU
		Release|Any CPU = Release|Any CPU
	EndGlobalSection
	GlobalSection(ProjectConfigurationPlatforms) = postSolution
		{6CFECA31-3C26-4ABE-AE8D-D09C33DF4216}.Debug|Any CPU.ActiveCfg = Debug|Any CPU
		{6CFECA31-3C26-4ABE-AE8D-D09C33DF4216}.Debug|Any CPU.Build.0 = Debug|Any CPU
		{6CFECA31-3C26-4ABE-AE8D-D09C33DF4216}.Release|Any CPU.ActiveCfg = Release|Any CPU
		{6CFECA31-3C26-4ABE-AE8D-D09C33DF4216}.Release|Any CPU.Build.0 = Release|Any CPU
		{21C4B397-3D04-41F4-822E-37BDD5DC292D}.Debug|Any CPU.ActiveCfg = Debug|Any CPU
		{21C4B397-3D04-41F4-822E-37BDD5DC292D}.Debug|Any CPU.Build.0 = Debug|Any CPU
		{21C4B397-3D04-41F4-822E-37BDD5DC292D}.Release|Any CPU.ActiveCfg = Release|Any CPU
		{21C4B397-3D04-41F4-822E-37BDD5DC292D}.Release|Any CPU.Build.0 = Release|Any CPU
		{E5DD3CE1-93CE-4936-AFA2-CB3BF78DD0CB}.Debug|Any CPU.ActiveCfg = Debug|Any CPU
		{E5DD3CE1-93CE-4936-AFA2-CB3BF78DD0CB}.Debug|Any CPU.Build.0 = Debug|Any CPU
		{E5DD3CE1-93CE-4936-AFA2-CB3BF78DD0CB}.Release|Any CPU.ActiveCfg = Release|Any CPU
		{E5DD3CE1-93CE-4936-AFA2-CB3BF78DD0CB}.Release|Any CPU.Build.0 = Release|Any CPU
		{CDB2047A-07CD-49CE-A248-C2DD9C5F43E0}.Debug|Any CPU.ActiveCfg = Debug|Any CPU
		{CDB2047A-07CD-49CE-A248-C2DD9C5F43E0}.Debug|Any CPU.Build.0 = Debug|Any CPU
		{CDB2047A-07CD-49CE-A248-C2DD9C5F43E0}.Release|Any CPU.ActiveCfg = Release|Any CPU
		{CDB2047A-07CD-49CE-A248-C2DD9C5F43E0}.Release|Any CPU.Build.0 = Release|Any CPU
		{3B419482-B6CE-46D6-8DCF-D8C10E2B77F4}.Debug|Any CPU.ActiveCfg = Debug|Any CPU
		{3B419482-B6CE-46D6-8DCF-D8C10E2B77F4}.Debug|Any CPU.Build.0 = Debug|Any CPU
		{3B419482-B6CE-46D6-8DCF-D8C10E2B77F4}.Release|Any CPU.ActiveCfg = Release|Any CPU
		{3B419482-B6CE-46D6-8DCF-D8C10E2B77F4}.Release|Any CPU.Build.0 = Release|Any CPU
	EndGlobalSection
	GlobalSection(SolutionProperties) = preSolution
		HideSolutionNode = FALSE
	EndGlobalSection
	GlobalSection(ExtensibilityGlobals) = postSolution
		SolutionGuid = {513F3596-5EC3-40E2-B75D-903E6AD43FE9}
	EndGlobalSection
	GlobalSection(NestedProjects) = preSolution
		{6CFECA31-3C26-4ABE-AE8D-D09C33DF4216} = {4FF99F50-DF24-421A-90BA-AF5A190568F5}
		{E5DD3CE1-93CE-4936-AFA2-CB3BF78DD0CB} = {49CFBD13-A82A-4F45-9887-9DF9FFEB923D}
		{21C4B397-3D04-41F4-822E-37BDD5DC292D} = {1C8A390B-5E15-4F23-9BB1-325AA1B86042}
		{CDB2047A-07CD-49CE-A248-C2DD9C5F43E0} = {49CFBD13-A82A-4F45-9887-9DF9FFEB923D}
		{3B419482-B6CE-46D6-8DCF-D8C10E2B77F4} = {49CFBD13-A82A-4F45-9887-9DF9FFEB923D}
	EndGlobalSection
EndGlobal
